
Microsoft Visual Studio Solution File, Format Version 12.00
Project("{2150E333-8FDC-42A3-9474-1A3956D46DE8}") = "src", "src", "{FF5CBDD2-3CD2-47B1-9F10-ADE3967493AB}"
EndProject
Project("{2150E333-8FDC-42A3-9474-1A3956D46DE8}") = "Application", "Application", "{9CCD62C4-0B83-45A2-ADEC-47DC1E4F0B28}"
EndProject
Project("{2150E333-8FDC-42A3-9474-1A3956D46DE8}") = "Domain", "Domain", "{323E062E-6A65-47B5-8F5F-815779D709FA}"
EndProject
Project("{2150E333-8FDC-42A3-9474-1A3956D46DE8}") = "Infrastructure", "Infrastructure", "{BA1D0A89-B915-4156-8849-687E3215662A}"
EndProject
Project("{2150E333-8FDC-42A3-9474-1A3956D46DE8}") = "Presentation", "Presentation", "{1D2B3300-C578-40DA-B1B0-0A35BAD1CE71}"
EndProject
Project("{FAE04EC0-301F-11D3-BF4B-00C04F79EFBC}") = "Application.Client", "src\Application\Application.Client\Application.Client.csproj", "{BECAB69F-6C0C-4CAE-B584-5780C2726744}"
EndProject
Project("{FAE04EC0-301F-11D3-BF4B-00C04F79EFBC}") = "Domain", "src\Domain\Domain\Domain.csproj", "{5D70D4CD-3974-4B58-A942-2E567A5FCB37}"
EndProject
Project("{FAE04EC0-301F-11D3-BF4B-00C04F79EFBC}") = "Infrastructure.Persistence", "src\Infrastructure\Infrastructure.Persistence\Infrastructure.Persistence.csproj", "{7C0736FF-79A9-4B41-8496-239D2CBCCCF7}"
EndProject
Project("{FAE04EC0-301F-11D3-BF4B-00C04F79EFBC}") = "WebApi.Client", "src\Presentation\WebApi.Client\WebApi.Client.csproj", "{70DD2747-6CDE-4CDC-B280-06BC2D0342F7}"
EndProject
Project("{2150E333-8FDC-42A3-9474-1A3956D46DE8}") = "Shared", "Shared", "{599E2F8B-401C-4AE0-9D5D-170BB659B1D0}"
EndProject
Project("{FAE04EC0-301F-11D3-BF4B-00C04F79EFBC}") = "Shared.Core", "src\Shared.Core\Shared.Core.csproj", "{E09554C2-C96C-4BBD-99B4-8A61E7758004}"
EndProject
Global
	GlobalSection(SolutionConfigurationPlatforms) = preSolution
		Debug|Any CPU = Debug|Any CPU
		Release|Any CPU = Release|Any CPU
	EndGlobalSection
	GlobalSection(NestedProjects) = preSolution
		{9CCD62C4-0B83-45A2-ADEC-47DC1E4F0B28} = {FF5CBDD2-3CD2-47B1-9F10-ADE3967493AB}
		{323E062E-6A65-47B5-8F5F-815779D709FA} = {FF5CBDD2-3CD2-47B1-9F10-ADE3967493AB}
		{BA1D0A89-B915-4156-8849-687E3215662A} = {FF5CBDD2-3CD2-47B1-9F10-ADE3967493AB}
		{1D2B3300-C578-40DA-B1B0-0A35BAD1CE71} = {FF5CBDD2-3CD2-47B1-9F10-ADE3967493AB}
		{BECAB69F-6C0C-4CAE-B584-5780C2726744} = {9CCD62C4-0B83-45A2-ADEC-47DC1E4F0B28}
		{5D70D4CD-3974-4B58-A942-2E567A5FCB37} = {323E062E-6A65-47B5-8F5F-815779D709FA}
		{7C0736FF-79A9-4B41-8496-239D2CBCCCF7} = {BA1D0A89-B915-4156-8849-687E3215662A}
		{70DD2747-6CDE-4CDC-B280-06BC2D0342F7} = {1D2B3300-C578-40DA-B1B0-0A35BAD1CE71}
		{599E2F8B-401C-4AE0-9D5D-170BB659B1D0} = {FF5CBDD2-3CD2-47B1-9F10-ADE3967493AB}
		{E09554C2-C96C-4BBD-99B4-8A61E7758004} = {599E2F8B-401C-4AE0-9D5D-170BB659B1D0}
	EndGlobalSection
	GlobalSection(ProjectConfigurationPlatforms) = postSolution
		{BECAB69F-6C0C-4CAE-B584-5780C2726744}.Debug|Any CPU.ActiveCfg = Debug|Any CPU
		{BECAB69F-6C0C-4CAE-B584-5780C2726744}.Debug|Any CPU.Build.0 = Debug|Any CPU
		{BECAB69F-6C0C-4CAE-B584-5780C2726744}.Release|Any CPU.ActiveCfg = Release|Any CPU
		{BECAB69F-6C0C-4CAE-B584-5780C2726744}.Release|Any CPU.Build.0 = Release|Any CPU
		{5D70D4CD-3974-4B58-A942-2E567A5FCB37}.Debug|Any CPU.ActiveCfg = Debug|Any CPU
		{5D70D4CD-3974-4B58-A942-2E567A5FCB37}.Debug|Any CPU.Build.0 = Debug|Any CPU
		{5D70D4CD-3974-4B58-A942-2E567A5FCB37}.Release|Any CPU.ActiveCfg = Release|Any CPU
		{5D70D4CD-3974-4B58-A942-2E567A5FCB37}.Release|Any CPU.Build.0 = Release|Any CPU
		{7C0736FF-79A9-4B41-8496-239D2CBCCCF7}.Debug|Any CPU.ActiveCfg = Debug|Any CPU
		{7C0736FF-79A9-4B41-8496-239D2CBCCCF7}.Debug|Any CPU.Build.0 = Debug|Any CPU
		{7C0736FF-79A9-4B41-8496-239D2CBCCCF7}.Release|Any CPU.ActiveCfg = Release|Any CPU
		{7C0736FF-79A9-4B41-8496-239D2CBCCCF7}.Release|Any CPU.Build.0 = Release|Any CPU
		{70DD2747-6CDE-4CDC-B280-06BC2D0342F7}.Debug|Any CPU.ActiveCfg = Debug|Any CPU
		{70DD2747-6CDE-4CDC-B280-06BC2D0342F7}.Debug|Any CPU.Build.0 = Debug|Any CPU
		{70DD2747-6CDE-4CDC-B280-06BC2D0342F7}.Release|Any CPU.ActiveCfg = Release|Any CPU
		{70DD2747-6CDE-4CDC-B280-06BC2D0342F7}.Release|Any CPU.Build.0 = Release|Any CPU
		{E09554C2-C96C-4BBD-99B4-8A61E7758004}.Debug|Any CPU.ActiveCfg = Debug|Any CPU
		{E09554C2-C96C-4BBD-99B4-8A61E7758004}.Debug|Any CPU.Build.0 = Debug|Any CPU
		{E09554C2-C96C-4BBD-99B4-8A61E7758004}.Release|Any CPU.ActiveCfg = Release|Any CPU
		{E09554C2-C96C-4BBD-99B4-8A61E7758004}.Release|Any CPU.Build.0 = Release|Any CPU
	EndGlobalSection
EndGlobal
